schema: '2.0'
stages:
  data_ingestion:
    cmd: python src/cnnClassifier/pipeline/stage_01_data_ingestion.py
    deps:
    - path: config/config.yaml
      hash: md5
      md5: 5c16d8ff63cd7ed01e2b3e7c0c022bfa
      size: 571
    - path: src/cnnClassifier/pipeline/stage_01_data_ingestion.py
      hash: md5
      md5: 832b118d05d1501df3a1a765f5c5d187
      size: 928
    outs:
    - path: artifacts/data_ingestion/data
      hash: md5
      md5: 9c03eeef7078bd4ed3077779fb60c526.dir
      size: 25594070
      nfiles: 4467
  prepare_base_model:
    cmd: python src/cnnClassifier/pipeline/stage_02_prepare_base_model.py
    deps:
    - path: config/config.yaml
      hash: md5
      md5: 5c16d8ff63cd7ed01e2b3e7c0c022bfa
      size: 571
    - path: src/cnnClassifier/pipeline/stage_02_prepare_base_model.py
      hash: md5
      md5: 766b2001bc7d218e9f0178bac4773eb2
      size: 978
    params:
      params.yaml:
        CLASSES: 2
        IMAGE_SIZE:
        - 224
        - 224
        - 3
        INCLUDE_TOP: false
        LEARNING_RATE: 0.01
        WEIGHTS: imagenet
    outs:
    - path: artifacts/prepare_base_model
      hash: md5
      md5: 0f660cdd16ea53e2d901ea645ff345b6.dir
      size: 118038272
      nfiles: 2
  training:
    cmd: python src/cnnClassifier/pipeline/stage_03_model_trainer.py
    deps:
    - path: artifacts/data_ingestion/data
      hash: md5
      md5: 9c03eeef7078bd4ed3077779fb60c526.dir
      size: 25594070
      nfiles: 4467
    - path: artifacts/prepare_base_model
      hash: md5
      md5: 0f660cdd16ea53e2d901ea645ff345b6.dir
      size: 118038272
      nfiles: 2
    - path: config/config.yaml
      hash: md5
      md5: 5c16d8ff63cd7ed01e2b3e7c0c022bfa
      size: 571
    - path: src/cnnClassifier/pipeline/stage_03_model_trainer.py
      hash: md5
      md5: ebdf9460e8aba9a0634690935818f7bb
      size: 904
    params:
      params.yaml:
        AUGMENTATION: true
        BATCH_SIZE: 16
        EPOCHS: 1
        IMAGE_SIZE:
        - 224
        - 224
        - 3
    outs:
    - path: artifacts/training/model.h5
      hash: md5
      md5: 2852a65a4f269b4582b7b7bc72a623c9
      size: 177270152
  evaluation:
    cmd: python src/cnnClassifier/pipeline/stage_04_model_evaluation.py
    deps:
    - path: artifacts/data_ingestion/data
      hash: md5
      md5: 9c03eeef7078bd4ed3077779fb60c526.dir
      size: 25594070
      nfiles: 4467
    - path: artifacts/training/model.h5
      hash: md5
      md5: 2852a65a4f269b4582b7b7bc72a623c9
      size: 177270152
    - path: config/config.yaml
      hash: md5
      md5: 5c16d8ff63cd7ed01e2b3e7c0c022bfa
      size: 571
    - path: src/cnnClassifier/pipeline/stage_04_model_evaluation.py
      hash: md5
      md5: 998d17866b449e959f70e3636beb31f5
      size: 916
    params:
      params.yaml:
        BATCH_SIZE: 16
        IMAGE_SIZE:
        - 224
        - 224
        - 3
    outs:
    - path: scores.json
      hash: md5
      md5: 4181599ecd4bc33f2fbe3a80895838ee
      size: 71
